
Microsoft Visual Studio Solution File, Format Version 12.00
# Visual Studio Version 17
VisualStudioVersion = 17.8.34408.163
MinimumVisualStudioVersion = 10.0.40219.1
Project("{9A19103F-16F7-4668-BE54-9A1E7A4F7556}") = "WinFormsApp2", "WinFormsApp2\WinFormsApp2.csproj", "{5A155F78-4F03-4976-B88A-FC4DBE02FEE3}"
EndProject
Project("{FAE04EC0-301F-11D3-BF4B-00C04F79EFBC}") = "UnitTest", "UnitTest\UnitTest.csproj", "{FDE7D10F-204B-4297-8BB5-D4652F434C0B}"
EndProject
Global
	GlobalSection(SolutionConfigurationPlatforms) = preSolution
		Debug|Any CPU = Debug|Any CPU
		Release|Any CPU = Release|Any CPU
	EndGlobalSection
	GlobalSection(ProjectConfigurationPlatforms) = postSolution
		{5A155F78-4F03-4976-B88A-FC4DBE02FEE3}.Debug|Any CPU.ActiveCfg = Debug|Any CPU
		{5A155F78-4F03-4976-B88A-FC4DBE02FEE3}.Debug|Any CPU.Build.0 = Debug|Any CPU
		{5A155F78-4F03-4976-B88A-FC4DBE02FEE3}.Release|Any CPU.ActiveCfg = Release|Any CPU
		{5A155F78-4F03-4976-B88A-FC4DBE02FEE3}.Release|Any CPU.Build.0 = Release|Any CPU
		{FDE7D10F-204B-4297-8BB5-D4652F434C0B}.Debug|Any CPU.ActiveCfg = Debug|Any CPU
		{FDE7D10F-204B-4297-8BB5-D4652F434C0B}.Debug|Any CPU.Build.0 = Debug|Any CPU
		{FDE7D10F-204B-4297-8BB5-D4652F434C0B}.Release|Any CPU.ActiveCfg = Release|Any CPU
		{FDE7D10F-204B-4297-8BB5-D4652F434C0B}.Release|Any CPU.Build.0 = Release|Any CPU
	EndGlobalSection
	GlobalSection(SolutionProperties) = preSolution
		HideSolutionNode = FALSE
	EndGlobalSection
	GlobalSection(ExtensibilityGlobals) = postSolution
		SolutionGuid = {0EC57EA7-6D19-458C-BE8B-D08F2F02F878}
	EndGlobalSection
EndGlobal
